// !$*UTF8*$!
{
	archiveVersion = 1;
	classes = {
	};
	objectVersion = 50;
	objects = {

/* Begin PBXBuildFile section */
		8D00174F2464532800A912B6 /* AppDelegate.swift in Sources */ = {isa = PBXBuildFile; fileRef = 8D00174E2464532800A912B6 /* AppDelegate.swift */; };
		8D0017512464532800A912B6 /* SceneDelegate.swift in Sources */ = {isa = PBXBuildFile; fileRef = 8D0017502464532800A912B6 /* SceneDelegate.swift */; };
		8D0017532464532800A912B6 /* ContentView.swift in Sources */ = {isa = PBXBuildFile; fileRef = 8D0017522464532800A912B6 /* ContentView.swift */; };
		8D0017552464532900A912B6 /* Assets.xcassets in Resources */ = {isa = PBXBuildFile; fileRef = 8D0017542464532900A912B6 /* Assets.xcassets */; };
		8D0017582464532900A912B6 /* Preview Assets.xcassets in Resources */ = {isa = PBXBuildFile; fileRef = 8D0017572464532900A912B6 /* Preview Assets.xcassets */; };
		8D00175B2464532900A912B6 /* LaunchScreen.storyboard in Resources */ = {isa = PBXBuildFile; fileRef = 8D0017592464532900A912B6 /* LaunchScreen.storyboard */; };
		8D0017632464534100A912B6 /* Features.txt in Resources */ = {isa = PBXBuildFile; fileRef = 8D0017622464534100A912B6 /* Features.txt */; };
		8D0017662464561700A912B6 /* CreateBankAccountViewModel.swift in Sources */ = {isa = PBXBuildFile; fileRef = 8D0017652464561700A912B6 /* CreateBankAccountViewModel.swift */; };
		8D001769246457AD00A912B6 /* BankAccount.swift in Sources */ = {isa = PBXBuildFile; fileRef = 8D001768246457AD00A912B6 /* BankAccount.swift */; };
/* End PBXBuildFile section */

/* Begin PBXFileReference section */
		8D00174B2464532800A912B6 /* ViewModelsVSModelsWeekly.app */ = {isa = PBXFileReference; explicitFileType = wrapper.application; includeInIndex = 0; path = ViewModelsVSModelsWeekly.app; sourceTree = BUILT_PRODUCTS_DIR; };
		8D00174E2464532800A912B6 /* AppDelegate.swift */ = {isa = PBXFileReference; lastKnownFileType = sourcecode.swift; path = AppDelegate.swift; sourceTree = "<group>"; };
		8D0017502464532800A912B6 /* SceneDelegate.swift */ = {isa = PBXFileReference; lastKnownFileType = sourcecode.swift; path = SceneDelegate.swift; sourceTree = "<group>"; };
		8D0017522464532800A912B6 /* ContentView.swift */ = {isa = PBXFileReference; lastKnownFileType = sourcecode.swift; path = ContentView.swift; sourceTree = "<group>"; };
		8D0017542464532900A912B6 /* Assets.xcassets */ = {isa = PBXFileReference; lastKnownFileType = folder.assetcatalog; path = Assets.xcassets; sourceTree = "<group>"; };
		8D0017572464532900A912B6 /* Preview Assets.xcassets */ = {isa = PBXFileReference; lastKnownFileType = folder.assetcatalog; path = "Preview Assets.xcassets"; sourceTree = "<group>"; };
		8D00175A2464532900A912B6 /* Base */ = {isa = PBXFileReference; lastKnownFileType = file.storyboard; name = Base; path = Base.lproj/LaunchScreen.storyboard; sourceTree = "<group>"; };
		8D00175C2464532900A912B6 /* Info.plist */ = {isa = PBXFileReference; lastKnownFileType = text.plist.xml; path = Info.plist; sourceTree = "<group>"; };
		8D0017622464534100A912B6 /* Features.txt */ = {isa = PBXFileReference; lastKnownFileType = text; path = Features.txt; sourceTree = "<group>"; };
		8D0017652464561700A912B6 /* CreateBankAccountViewModel.swift */ = {isa = PBXFileReference; lastKnownFileType = sourcecode.swift; path = CreateBankAccountViewModel.swift; sourceTree = "<group>"; };
		8D001768246457AD00A912B6 /* BankAccount.swift */ = {isa = PBXFileReference; lastKnownFileType = sourcecode.swift; path = BankAccount.swift; sourceTree = "<group>"; };
/* End PBXFileReference section */

/* Begin PBXFrameworksBuildPhase section */
		8D0017482464532800A912B6 /* Frameworks */ = {
			isa = PBXFrameworksBuildPhase;
			buildActionMask = 2147483647;
			files = (
			);
			runOnlyForDeploymentPostprocessing = 0;
		};
/* End PBXFrameworksBuildPhase section */

/* Begin PBXGroup section */
		8D0017422464532800A912B6 = {
			isa = PBXGroup;
			children = (
				8D00174D2464532800A912B6 /* ViewModelsVSModelsWeekly */,
				8D00174C2464532800A912B6 /* Products */,
			);
			sourceTree = "<group>";
		};
		8D00174C2464532800A912B6 /* Products */ = {
			isa = PBXGroup;
			children = (
				8D00174B2464532800A912B6 /* ViewModelsVSModelsWeekly.app */,
			);
			name = Products;
			sourceTree = "<group>";
		};
		8D00174D2464532800A912B6 /* ViewModelsVSModelsWeekly */ = {
			isa = PBXGroup;
			children = (
				8D0017672464579F00A912B6 /* Models */,
				8D001764246455FE00A912B6 /* View Models */,
				8D00174E2464532800A912B6 /* AppDelegate.swift */,
				8D0017502464532800A912B6 /* SceneDelegate.swift */,
				8D0017522464532800A912B6 /* ContentView.swift */,
				8D0017542464532900A912B6 /* Assets.xcassets */,
				8D0017592464532900A912B6 /* LaunchScreen.storyboard */,
				8D00175C2464532900A912B6 /* Info.plist */,
				8D0017562464532900A912B6 /* Preview Content */,
				8D0017622464534100A912B6 /* Features.txt */,
			);
			path = ViewModelsVSModelsWeekly;
			sourceTree = "<group>";
		};
		8D0017562464532900A912B6 /* Preview Content */ = {
			isa = PBXGroup;
			children = (
				8D0017572464532900A912B6 /* Preview Assets.xcassets */,
			);
			path = "Preview Content";
			sourceTree = "<group>";
		};
		8D001764246455FE00A912B6 /* View Models */ = {
			isa = PBXGroup;
			children = (
				8D0017652464561700A912B6 /* CreateBankAccountViewModel.swift */,
			);
			path = "View Models";
			sourceTree = "<group>";
		};
		8D0017672464579F00A912B6 /* Models */ = {
			isa = PBXGroup;
			children = (
				8D001768246457AD00A912B6 /* BankAccount.swift */,
			);
			path = Models;
			sourceTree = "<group>";
		};
/* End PBXGroup section */

/* Begin PBXNativeTarget section */
		8D00174A2464532800A912B6 /* ViewModelsVSModelsWeekly */ = {
			isa = PBXNativeTarget;
			buildConfigurationList = 8D00175F2464532900A912B6 /* Build configuration list for PBXNativeTarget "ViewModelsVSModelsWeekly" */;
			buildPhases = (
				8D0017472464532800A912B6 /* Sources */,
				8D0017482464532800A912B6 /* Frameworks */,
				8D0017492464532800A912B6 /* Resources */,
			);
			buildRules = (
			);
			dependencies = (
			);
			name = ViewModelsVSModelsWeekly;
			productName = ViewModelsVSModelsWeekly;
			productReference = 8D00174B2464532800A912B6 /* ViewModelsVSModelsWeekly.app */;
			productType = "com.apple.product-type.application";
		};
/* End PBXNativeTarget section */

/* Begin PBXProject section */
		8D0017432464532800A912B6 /* Project object */ = {
			isa = PBXProject;
			attributes = {
				LastSwiftUpdateCheck = 1140;
				LastUpgradeCheck = 1140;
				ORGANIZATIONNAME = "Mohammad Azam";
				TargetAttributes = {
					8D00174A2464532800A912B6 = {
						CreatedOnToolsVersion = 11.4.1;
					};
				};
			};
			buildConfigurationList = 8D0017462464532800A912B6 /* Build configuration list for PBXProject "ViewModelsVSModelsWeekly" */;
			compatibilityVersion = "Xcode 9.3";
			developmentRegion = en;
			hasScannedForEncodings = 0;
			knownRegions = (
				en,
				Base,
			);
			mainGroup = 8D0017422464532800A912B6;
			productRefGroup = 8D00174C2464532800A912B6 /* Products */;
			projectDirPath = "";
			projectRoot = "";
			targets = (
				8D00174A2464532800A912B6 /* ViewModelsVSModelsWeekly */,
			);
		};
/* End PBXProject section */

/* Begin PBXResourcesBuildPhase section */
		8D0017492464532800A912B6 /* Resources */ = {
			isa = PBXResourcesBuildPhase;
			buildActionMask = 2147483647;
			files = (
				8D00175B2464532900A912B6 /* LaunchScreen.storyboard in Resources */,
				8D0017582464532900A912B6 /* Preview Assets.xcassets in Resources */,
				8D0017552464532900A912B6 /* Assets.xcassets in Resources */,
				8D0017632464534100A912B6 /* Features.txt in Resources */,
			);
			runOnlyForDeploymentPostprocessing = 0;
		};
/* End PBXResourcesBuildPhase section */

/* Begin PBXSourcesBuildPhase section */
		8D0017472464532800A912B6 /* Sources */ = {
			isa = PBXSourcesBuildPhase;
			buildActionMask = 2147483647;
			files = (
				8D0017662464561700A912B6 /* CreateBankAccountViewModel.swift in Sources */,
				8D00174F2464532800A912B6 /* AppDelegate.swift in Sources */,
				8D001769246457AD00A912B6 /* BankAccount.swift in Sources */,
				8D0017512464532800A912B6 /* SceneDelegate.swift in Sources */,
				8D0017532464532800A912B6 /* ContentView.swift in Sources */,
			);
			runOnlyForDeploymentPostprocessing = 0;
		};
/* End PBXSourcesBuildPhase section */

/* Begin PBXVariantGroup section */
		8D0017592464532900A912B6 /* LaunchScreen.storyboard */ = {
			isa = PBXVariantGroup;
			children = (
				8D00175A2464532900A912B6 /* Base */,
			);
			name = LaunchScreen.storyboard;
			sourceTree = "<group>";
		};
/* End PBXVariantGroup section */

/* Begin XCBuildConfiguration section */
		8D00175D2464532900A912B6 /* Debug */ = {
			isa = XCBuildConfiguration;
			buildSettings = {
				ALWAYS_SEARCH_USER_PATHS = NO;
				CLANG_ANALYZER_NONNULL = YES;
				CLANG_ANALYZER_NUMBER_OBJECT_CONVERSION = YES_AGGRESSIVE;
				CLANG_CXX_LANGUAGE_STANDARD = "gnu++14";
				CLANG_CXX_LIBRARY = "libc++";
				CLANG_ENABLE_MODULES = YES;
				CLANG_ENABLE_OBJC_ARC = YES;
				CLANG_ENABLE_OBJC_WEAK = YES;
				CLANG_WARN_BLOCK_CAPTURE_AUTORELEASING = YES;
				CLANG_WARN_BOOL_CONVERSION = YES;
				CLANG_WARN_COMMA = YES;
				CLANG_WARN_CONSTANT_CONVERSION = YES;
				CLANG_WARN_DEPRECATED_OBJC_IMPLEMENTATIONS = YES;
				CLANG_WARN_DIRECT_OBJC_ISA_USAGE = YES_ERROR;
				CLANG_WARN_DOCUMENTATION_COMMENTS = YES;
				CLANG_WARN_EMPTY_BODY = YES;
				CLANG_WARN_ENUM_CONVERSION = YES;
				CLANG_WARN_INFINITE_RECURSION = YES;
				CLANG_WARN_INT_CONVERSION = YES;
				CLANG_WARN_NON_LITERAL_NULL_CONVERSION = YES;
				CLANG_WARN_OBJC_IMPLICIT_RETAIN_SELF = YES;
				CLANG_WARN_OBJC_LITERAL_CONVERSION = YES;
				CLANG_WARN_OBJC_ROOT_CLASS = YES_ERROR;
				CLANG_WARN_RANGE_LOOP_ANALYSIS = YES;
				CLANG_WARN_STRICT_PROTOTYPES = YES;
				CLANG_WARN_SUSPICIOUS_MOVE = YES;
				CLANG_WARN_UNGUARDED_AVAILABILITY = YES_AGGRESSIVE;
				CLANG_WARN_UNREACHABLE_CODE = YES;
				CLANG_WARN__DUPLICATE_METHOD_MATCH = YES;
				COPY_PHASE_STRIP = NO;
				DEBUG_INFORMATION_FORMAT = dwarf;
				ENABLE_STRICT_OBJC_MSGSEND = YES;
				ENABLE_TESTABILITY = YES;
				GCC_C_LANGUAGE_STANDARD = gnu11;
				GCC_DYNAMIC_NO_PIC = NO;
				GCC_NO_COMMON_BLOCKS = YES;
				GCC_OPTIMIZATION_LEVEL = 0;
				GCC_PREPROCESSOR_DEFINITIONS = (
					"DEBUG=1",
					"$(inherited)",
				);
				GCC_WARN_64_TO_32_BIT_CONVERSION = YES;
				GCC_WARN_ABOUT_RETURN_TYPE = YES_ERROR;
				GCC_WARN_UNDECLARED_SELECTOR = YES;
				GCC_WARN_UNINITIALIZED_AUTOS = YES_AGGRESSIVE;
				GCC_WARN_UNUSED_FUNCTION = YES;
				GCC_WARN_UNUSED_VARIABLE = YES;
				IPHONEOS_DEPLOYMENT_TARGET = 13.4;
				MTL_ENABLE_DEBUG_INFO = INCLUDE_SOURCE;
				MTL_FAST_MATH = YES;
				ONLY_ACTIVE_ARCH = YES;
				SDKROOT = iphoneos;
				SWIFT_ACTIVE_COMPILATION_CONDITIONS = DEBUG;
				SWIFT_OPTIMIZATION_LEVEL = "-Onone";
			};
			name = Debug;
		};
		8D00175E2464532900A912B6 /* Release */ = {
			isa = XCBuildConfiguration;
			buildSettings = {
				ALWAYS_SEARCH_USER_PATHS = NO;
				CLANG_ANALYZER_NONNULL = YES;
				CLANG_ANALYZER_NUMBER_OBJECT_CONVERSION = YES_AGGRESSIVE;
				CLANG_CXX_LANGUAGE_STANDARD = "gnu++14";
				CLANG_CXX_LIBRARY = "libc++";
				CLANG_ENABLE_MODULES = YES;
				CLANG_ENABLE_OBJC_ARC = YES;
				CLANG_ENABLE_OBJC_WEAK = YES;
				CLANG_WARN_BLOCK_CAPTURE_AUTORELEASING = YES;
				CLANG_WARN_BOOL_CONVERSION = YES;
				CLANG_WARN_COMMA = YES;
				CLANG_WARN_CONSTANT_CONVERSION = YES;
				CLANG_WARN_DEPRECATED_OBJC_IMPLEMENTATIONS = YES;
				CLANG_WARN_DIRECT_OBJC_ISA_USAGE = YES_ERROR;
				CLANG_WARN_DOCUMENTATION_COMMENTS = YES;
				CLANG_WARN_EMPTY_BODY = YES;
				CLANG_WARN_ENUM_CONVERSION = YES;
				CLANG_WARN_INFINITE_RECURSION = YES;
				CLANG_WARN_INT_CONVERSION = YES;
				CLANG_WARN_NON_LITERAL_NULL_CONVERSION = YES;
				CLANG_WARN_OBJC_IMPLICIT_RETAIN_SELF = YES;
				CLANG_WARN_OBJC_LITERAL_CONVERSION = YES;
				CLANG_WARN_OBJC_ROOT_CLASS = YES_ERROR;
				CLANG_WARN_RANGE_LOOP_ANALYSIS = YES;
				CLANG_WARN_STRICT_PROTOTYPES = YES;
				CLANG_WARN_SUSPICIOUS_MOVE = YES;
				CLANG_WARN_UNGUARDED_AVAILABILITY = YES_AGGRESSIVE;
				CLANG_WARN_UNREACHABLE_CODE = YES;
				CLANG_WARN__DUPLICATE_METHOD_MATCH = YES;
				COPY_PHASE_STRIP = NO;
				DEBUG_INFORMATION_FORMAT = "dwarf-with-dsym";
				ENABLE_NS_ASSERTIONS = NO;
				ENABLE_STRICT_OBJC_MSGSEND = YES;
				GCC_C_LANGUAGE_STANDARD = gnu11;
				GCC_NO_COMMON_BLOCKS = YES;
				GCC_WARN_64_TO_32_BIT_CONVERSION = YES;
				GCC_WARN_ABOUT_RETURN_TYPE = YES_ERROR;
				GCC_WARN_UNDECLARED_SELECTOR = YES;
				GCC_WARN_UNINITIALIZED_AUTOS = YES_AGGRESSIVE;
				GCC_WARN_UNUSED_FUNCTION = YES;
				GCC_WARN_UNUSED_VARIABLE = YES;
				IPHONEOS_DEPLOYMENT_TARGET = 13.4;
				MTL_ENABLE_DEBUG_INFO = NO;
				MTL_FAST_MATH = YES;
				SDKROOT = iphoneos;
				SWIFT_COMPILATION_MODE = wholemodule;
				SWIFT_OPTIMIZATION_LEVEL = "-O";
				VALIDATE_PRODUCT = YES;
			};
			name = Release;
		};
		8D0017602464532900A912B6 /* Debug */ = {
			isa = XCBuildConfiguration;
			buildSettings = {
				ASSETCATALOG_COMPILER_APPICON_NAME = AppIcon;
				CODE_SIGN_STYLE = Automatic;
				DEVELOPMENT_ASSET_PATHS = "\"ViewModelsVSModelsWeekly/Preview Content\"";
				DEVELOPMENT_TEAM = B2Q8EGNCQA;
				ENABLE_PREVIEWS = YES;
				INFOPLIST_FILE = ViewModelsVSModelsWeekly/Info.plist;
				LD_RUNPATH_SEARCH_PATHS = (
					"$(inherited)",
					"@executable_path/Frameworks",
				);
				PRODUCT_BUNDLE_IDENTIFIER = com.azamsharp.ViewModelsVSModelsWeekly;
				PRODUCT_NAME = "$(TARGET_NAME)";
				SWIFT_VERSION = 5.0;
				TARGETED_DEVICE_FAMILY = "1,2";
			};
			name = Debug;
		};
		8D0017612464532900A912B6 /* Release */ = {
			isa = XCBuildConfiguration;
			buildSettings = {
				ASSETCATALOG_COMPILER_APPICON_NAME = AppIcon;
				CODE_SIGN_STYLE = Automatic;
				DEVELOPMENT_ASSET_PATHS = "\"ViewModelsVSModelsWeekly/Preview Content\"";
				DEVELOPMENT_TEAM = B2Q8EGNCQA;
				ENABLE_PREVIEWS = YES;
				INFOPLIST_FILE = ViewModelsVSModelsWeekly/Info.plist;
				LD_RUNPATH_SEARCH_PATHS = (
					"$(inherited)",
					"@executable_path/Frameworks",
				);
				PRODUCT_BUNDLE_IDENTIFIER = com.azamsharp.ViewModelsVSModelsWeekly;
				PRODUCT_NAME = "$(TARGET_NAME)";
				SWIFT_VERSION = 5.0;
				TARGETED_DEVICE_FAMILY = "1,2";
			};
			name = Release;
		};
/* End XCBuildConfiguration section */

/* Begin XCConfigurationList section */
		8D0017462464532800A912B6 /* Build configuration list for PBXProject "ViewModelsVSModelsWeekly" */ = {
			isa = XCConfigurationList;
			buildConfigurations = (
				8D00175D2464532900A912B6 /* Debug */,
				8D00175E2464532900A912B6 /* Release */,
			);
			defaultConfigurationIsVisible = 0;
			defaultConfigurationName = Release;
		};
		8D00175F2464532900A912B6 /* Build configuration list for PBXNativeTarget "ViewModelsVSModelsWeekly" */ = {
			isa = XCConfigurationList;
			buildConfigurations = (
				8D0017602464532900A912B6 /* Debug */,
				8D0017612464532900A912B6 /* Release */,
			);
			defaultConfigurationIsVisible = 0;
			defaultConfigurationName = Release;
		};
/* End XCConfigurationList section */
	};
	rootObject = 8D0017432464532800A912B6 /* Project object */;
}
